
Microsoft Visual Studio Solution File, Format Version 12.00
# Visual Studio Version 16
VisualStudioVersion = 16.0.29215.179
MinimumVisualStudioVersion = 10.0.40219.1
Project("{FAE04EC0-301F-11D3-BF4B-00C04F79EFBC}") = "BookSellingBase", "BookSellingBase\BookSellingBase.csproj", "{9B92A1A9-30AF-4A07-B2E4-455ECFF5ED21}"
EndProject
Project("{FAE04EC0-301F-11D3-BF4B-00C04F79EFBC}") = "BookSellingBase.Core", "BookSellingBase.Core\BookSellingBase.Core.csproj", "{C3CB0325-136A-4B4C-B70E-AE30CF6FF5BC}"
EndProject
Global
	GlobalSection(SolutionConfigurationPlatforms) = preSolution
		Debug|Any CPU = Debug|Any CPU
		Release|Any CPU = Release|Any CPU
	EndGlobalSection
	GlobalSection(ProjectConfigurationPlatforms) = postSolution
		{9B92A1A9-30AF-4A07-B2E4-455ECFF5ED21}.Debug|Any CPU.ActiveCfg = Debug|Any CPU
		{9B92A1A9-30AF-4A07-B2E4-455ECFF5ED21}.Debug|Any CPU.Build.0 = Debug|Any CPU
		{9B92A1A9-30AF-4A07-B2E4-455ECFF5ED21}.Release|Any CPU.ActiveCfg = Release|Any CPU
		{9B92A1A9-30AF-4A07-B2E4-455ECFF5ED21}.Release|Any CPU.Build.0 = Release|Any CPU
		{C3CB0325-136A-4B4C-B70E-AE30CF6FF5BC}.Debug|Any CPU.ActiveCfg = Debug|Any CPU
		{C3CB0325-136A-4B4C-B70E-AE30CF6FF5BC}.Debug|Any CPU.Build.0 = Debug|Any CPU
		{C3CB0325-136A-4B4C-B70E-AE30CF6FF5BC}.Release|Any CPU.ActiveCfg = Release|Any CPU
		{C3CB0325-136A-4B4C-B70E-AE30CF6FF5BC}.Release|Any CPU.Build.0 = Release|Any CPU
	EndGlobalSection
	GlobalSection(SolutionProperties) = preSolution
		HideSolutionNode = FALSE
	EndGlobalSection
	GlobalSection(ExtensibilityGlobals) = postSolution
		SolutionGuid = {009B3D48-DDCE-4147-84FA-515413ACA0D9}
	EndGlobalSection
EndGlobal
